
Microsoft Visual Studio Solution File, Format Version 11.00
# Visual Studio 2010
Project("{FAE04EC0-301F-11D3-BF4B-00C04F79EFBC}") = "p100-7-11", "p100-7-11\p100-7-11.csproj", "{21F3FF04-079B-48D3-86FD-F46DAA74C45C}"
EndProject
Global
	GlobalSection(SolutionConfigurationPlatforms) = preSolution
		Debug|x86 = Debug|x86
		Release|x86 = Release|x86
	EndGlobalSection
	GlobalSection(ProjectConfigurationPlatforms) = postSolution
		{21F3FF04-079B-48D3-86FD-F46DAA74C45C}.Debug|x86.ActiveCfg = Debug|x86
		{21F3FF04-079B-48D3-86FD-F46DAA74C45C}.Debug|x86.Build.0 = Debug|x86
		{21F3FF04-079B-48D3-86FD-F46DAA74C45C}.Release|x86.ActiveCfg = Release|x86
		{21F3FF04-079B-48D3-86FD-F46DAA74C45C}.Release|x86.Build.0 = Release|x86
	EndGlobalSection
	GlobalSection(SolutionProperties) = preSolution
		HideSolutionNode = FALSE
	EndGlobalSection
EndGlobal
