
Microsoft Visual Studio Solution File, Format Version 11.00
# Visual Studio 2010
Project("{FAE04EC0-301F-11D3-BF4B-00C04F79EFBC}") = "AboutNS", "AboutNS\AboutNS.csproj", "{D94BE173-B1A5-4F59-A3C0-A4D7A5E945EF}"
EndProject
Global
	GlobalSection(SolutionConfigurationPlatforms) = preSolution
		Debug|x86 = Debug|x86
		Release|x86 = Release|x86
	EndGlobalSection
	GlobalSection(ProjectConfigurationPlatforms) = postSolution
		{D94BE173-B1A5-4F59-A3C0-A4D7A5E945EF}.Debug|x86.ActiveCfg = Debug|x86
		{D94BE173-B1A5-4F59-A3C0-A4D7A5E945EF}.Debug|x86.Build.0 = Debug|x86
		{D94BE173-B1A5-4F59-A3C0-A4D7A5E945EF}.Release|x86.ActiveCfg = Release|x86
		{D94BE173-B1A5-4F59-A3C0-A4D7A5E945EF}.Release|x86.Build.0 = Release|x86
	EndGlobalSection
	GlobalSection(SolutionProperties) = preSolution
		HideSolutionNode = FALSE
	EndGlobalSection
EndGlobal
